
Microsoft Visual Studio Solution File, Format Version 12.00
# Visual Studio Version 16
VisualStudioVersion = 16.0.31410.357
MinimumVisualStudioVersion = 10.0.40219.1
Project("{FAE04EC0-301F-11D3-BF4B-00C04F79EFBC}") = "AnimeQuest", "AnimeQuest\AnimeQuest.csproj", "{D8AB84D6-0FDD-4DB6-BDE6-12FFA6026195}"
EndProject
Global
	GlobalSection(SolutionConfigurationPlatforms) = preSolution
		Debug|Any CPU = Debug|Any CPU
		Release|Any CPU = Release|Any CPU
	EndGlobalSection
	GlobalSection(ProjectConfigurationPlatforms) = postSolution
		{D8AB84D6-0FDD-4DB6-BDE6-12FFA6026195}.Debug|Any CPU.ActiveCfg = Debug|Any CPU
		{D8AB84D6-0FDD-4DB6-BDE6-12FFA6026195}.Debug|Any CPU.Build.0 = Debug|Any CPU
		{D8AB84D6-0FDD-4DB6-BDE6-12FFA6026195}.Release|Any CPU.ActiveCfg = Release|Any CPU
		{D8AB84D6-0FDD-4DB6-BDE6-12FFA6026195}.Release|Any CPU.Build.0 = Release|Any CPU
	EndGlobalSection
	GlobalSection(SolutionProperties) = preSolution
		HideSolutionNode = FALSE
	EndGlobalSection
	GlobalSection(ExtensibilityGlobals) = postSolution
		SolutionGuid = {6E3869E8-0AF0-48E3-B4CD-E6E4CC9A6829}
	EndGlobalSection
EndGlobal
